
Microsoft Visual Studio Solution File, Format Version 12.00
# Visual Studio Version 16
VisualStudioVersion = 16.0.29806.167
MinimumVisualStudioVersion = 10.0.40219.1
Project("{FAE04EC0-301F-11D3-BF4B-00C04F79EFBC}") = "X_rand", "X_rand\X_rand.csproj", "{AC564E5F-9760-4989-9DB4-3CFD70961017}"
EndProject
Global
	GlobalSection(SolutionConfigurationPlatforms) = preSolution
		Debug|Any CPU = Debug|Any CPU
		Release|Any CPU = Release|Any CPU
	EndGlobalSection
	GlobalSection(ProjectConfigurationPlatforms) = postSolution
		{AC564E5F-9760-4989-9DB4-3CFD70961017}.Debug|Any CPU.ActiveCfg = Debug|Any CPU
		{AC564E5F-9760-4989-9DB4-3CFD70961017}.Debug|Any CPU.Build.0 = Debug|Any CPU
		{AC564E5F-9760-4989-9DB4-3CFD70961017}.Release|Any CPU.ActiveCfg = Release|Any CPU
		{AC564E5F-9760-4989-9DB4-3CFD70961017}.Release|Any CPU.Build.0 = Release|Any CPU
	EndGlobalSection
	GlobalSection(SolutionProperties) = preSolution
		HideSolutionNode = FALSE
	EndGlobalSection
	GlobalSection(ExtensibilityGlobals) = postSolution
		SolutionGuid = {88170948-A710-4847-A2A9-602642A1FE3F}
	EndGlobalSection
EndGlobal
